{
  "object": {
    "pins": [
      {
        "package": "BigInt",
        "repositoryURL": "https://github.com/leif-ibsen/BigInt.git",
        "state": {
          "branch": null,
          "revision": "3ff261ecd694009513cd0a260fc03723cc61d32e",
          "version": "1.2.12"
        }
      },
      {
        "package": "OrderedDictionary",
        "repositoryURL": "https://github.com/lukaskubanek/OrderedDictionary.git",
        "state": {
          "branch": null,
          "revision": "acb62df76052bef95a918d26f12bf4996b8587ea",
          "version": "2.4.0"
        }
      },
      {
        "package": "PotentCodables",
        "repositoryURL": "https://github.com/christianshehata/PotentCodables.git",
        "state": {
          "branch": null,
          "revision": "0926e52faad1a09786d89d1ede9c2f9b1dfa8239",
          "version": "2.1.0"
        }
      },
      {
        "package": "Regex",
        "repositoryURL": "https://github.com/sharplet/Regex.git",
        "state": {
          "branch": null,
          "revision": "76c2b73d4281d77fc3118391877efd1bf972f515",
          "version": "2.1.1"
        }
      }
    ]
  },
  "version": 1
}
